
Microsoft Visual Studio Solution File, Format Version 12.00
# Visual Studio Version 17
VisualStudioVersion = 17.10.35122.118
MinimumVisualStudioVersion = 10.0.40219.1
Project("{9A19103F-16F7-4668-BE54-9A1E7A4F7556}") = "BuscandoMiTrago", "BuscandoMiTrago\BuscandoMiTrago.csproj", "{9D931ED1-7444-406C-B7D1-D5BD123DB2D2}"
EndProject
Project("{2150E333-8FDC-42A3-9474-1A3956D46DE8}") = "DevExtreme NuGet.config", "DevExtreme NuGet.config", "{E3EAD1E9-A04D-4161-97F0-BF63A74EBFF4}"
	ProjectSection(SolutionItems) = preProject
		NuGet.config = NuGet.config
	EndProjectSection
EndProject
Global
	GlobalSection(SolutionConfigurationPlatforms) = preSolution
		Debug|Any CPU = Debug|Any CPU
		Release|Any CPU = Release|Any CPU
	EndGlobalSection
	GlobalSection(ProjectConfigurationPlatforms) = postSolution
		{9D931ED1-7444-406C-B7D1-D5BD123DB2D2}.Debug|Any CPU.ActiveCfg = Debug|Any CPU
		{9D931ED1-7444-406C-B7D1-D5BD123DB2D2}.Debug|Any CPU.Build.0 = Debug|Any CPU
		{9D931ED1-7444-406C-B7D1-D5BD123DB2D2}.Release|Any CPU.ActiveCfg = Release|Any CPU
		{9D931ED1-7444-406C-B7D1-D5BD123DB2D2}.Release|Any CPU.Build.0 = Release|Any CPU
	EndGlobalSection
	GlobalSection(SolutionProperties) = preSolution
		HideSolutionNode = FALSE
	EndGlobalSection
	GlobalSection(ExtensibilityGlobals) = postSolution
		SolutionGuid = {482D708D-3C5C-40ED-9061-CBB138F64075}
	EndGlobalSection
EndGlobal
